
Microsoft Visual Studio Solution File, Format Version 12.00
# Visual Studio Version 17
VisualStudioVersion = 17.8.34330.188
MinimumVisualStudioVersion = 10.0.40219.1
Project("{9A19103F-16F7-4668-BE54-9A1E7A4F7556}") = "TaskManager.API", "TaskManager.API\TaskManager.API.csproj", "{0FF3E42C-6E8E-4972-8A63-A8D3BDAEE2CB}"
EndProject
Project("{9A19103F-16F7-4668-BE54-9A1E7A4F7556}") = "TaskManager.Application", "TaskManager.Application\TaskManager.Application.csproj", "{01614294-77E1-4BF8-BBCC-492254DF452C}"
EndProject
Project("{9A19103F-16F7-4668-BE54-9A1E7A4F7556}") = "TaskManager.Core", "TaskManager.Domain\TaskManager.Core.csproj", "{CC6F2D1F-F380-46F4-B377-F286839FD165}"
EndProject
Project("{9A19103F-16F7-4668-BE54-9A1E7A4F7556}") = "TaskManager.Infrastructure", "TaskManager.Infrastructure\TaskManager.Infrastructure.csproj", "{D483E88A-E1B6-43CF-80CB-4A6043ECF2AB}"
EndProject
Project("{FAE04EC0-301F-11D3-BF4B-00C04F79EFBC}") = "TaskManager.API.Tests", "TaskManager.API.Tests\TaskManager.API.Tests.csproj", "{ED55EC9B-9C35-4991-851B-76B5FBC72460}"
EndProject
Global
	GlobalSection(SolutionConfigurationPlatforms) = preSolution
		Debug|Any CPU = Debug|Any CPU
		Release|Any CPU = Release|Any CPU
	EndGlobalSection
	GlobalSection(ProjectConfigurationPlatforms) = postSolution
		{0FF3E42C-6E8E-4972-8A63-A8D3BDAEE2CB}.Debug|Any CPU.ActiveCfg = Debug|Any CPU
		{0FF3E42C-6E8E-4972-8A63-A8D3BDAEE2CB}.Debug|Any CPU.Build.0 = Debug|Any CPU
		{0FF3E42C-6E8E-4972-8A63-A8D3BDAEE2CB}.Release|Any CPU.ActiveCfg = Release|Any CPU
		{0FF3E42C-6E8E-4972-8A63-A8D3BDAEE2CB}.Release|Any CPU.Build.0 = Release|Any CPU
		{01614294-77E1-4BF8-BBCC-492254DF452C}.Debug|Any CPU.ActiveCfg = Debug|Any CPU
		{01614294-77E1-4BF8-BBCC-492254DF452C}.Debug|Any CPU.Build.0 = Debug|Any CPU
		{01614294-77E1-4BF8-BBCC-492254DF452C}.Release|Any CPU.ActiveCfg = Release|Any CPU
		{01614294-77E1-4BF8-BBCC-492254DF452C}.Release|Any CPU.Build.0 = Release|Any CPU
		{CC6F2D1F-F380-46F4-B377-F286839FD165}.Debug|Any CPU.ActiveCfg = Debug|Any CPU
		{CC6F2D1F-F380-46F4-B377-F286839FD165}.Debug|Any CPU.Build.0 = Debug|Any CPU
		{CC6F2D1F-F380-46F4-B377-F286839FD165}.Release|Any CPU.ActiveCfg = Release|Any CPU
		{CC6F2D1F-F380-46F4-B377-F286839FD165}.Release|Any CPU.Build.0 = Release|Any CPU
		{D483E88A-E1B6-43CF-80CB-4A6043ECF2AB}.Debug|Any CPU.ActiveCfg = Debug|Any CPU
		{D483E88A-E1B6-43CF-80CB-4A6043ECF2AB}.Debug|Any CPU.Build.0 = Debug|Any CPU
		{D483E88A-E1B6-43CF-80CB-4A6043ECF2AB}.Release|Any CPU.ActiveCfg = Release|Any CPU
		{D483E88A-E1B6-43CF-80CB-4A6043ECF2AB}.Release|Any CPU.Build.0 = Release|Any CPU
		{ED55EC9B-9C35-4991-851B-76B5FBC72460}.Debug|Any CPU.ActiveCfg = Debug|Any CPU
		{ED55EC9B-9C35-4991-851B-76B5FBC72460}.Debug|Any CPU.Build.0 = Debug|Any CPU
		{ED55EC9B-9C35-4991-851B-76B5FBC72460}.Release|Any CPU.ActiveCfg = Release|Any CPU
		{ED55EC9B-9C35-4991-851B-76B5FBC72460}.Release|Any CPU.Build.0 = Release|Any CPU
	EndGlobalSection
	GlobalSection(SolutionProperties) = preSolution
		HideSolutionNode = FALSE
	EndGlobalSection
	GlobalSection(ExtensibilityGlobals) = postSolution
		SolutionGuid = {DFC47ECC-A585-4896-B39E-E32385935B6B}
	EndGlobalSection
EndGlobal
